{
  "meteor": {},
  "dependencies": {
    "basePackages": {
      "accounts-soundcloud": {},
      "profile-online": {},
      "iron-router": {}
    },
    "packages": {
      "accounts-soundcloud": {
        "git": "https://github.com/sylvaingi/meteor-accounts-soundcloud.git",
        "tag": "v0.1.2",
        "commit": "962879b116bdb107752fc1381d0e840f802e00ca"
      },
      "profile-online": {
        "git": "https://github.com/erundook/meteor-profile-online.git",
        "tag": "v0.1.9",
        "commit": "a982f18f22cb2025a02a9b38815c68e23469cd4b"
      },
      "iron-router": {
        "git": "https://github.com/EventedMind/iron-router.git",
        "tag": "v0.7.1",
        "commit": "d1ffb3f06ea4c112132b030f2eb1a70b81675ecb"
      },
      "soundcloud": {
        "git": "https://github.com/sylvaingi/meteor-soundcloud.git",
        "tag": "v0.1.1",
        "commit": "7e152a1fa892d73d9ef41f070f6d112014283983"
      },
      "blaze-layout": {
        "git": "https://github.com/EventedMind/blaze-layout.git",
        "tag": "v0.2.4",
        "commit": "b40e9b0612329288d75cf52ad14a7da64bb8618f"
      }
    }
  }
}
